
Microsoft Visual Studio Solution File, Format Version 12.00
# Visual Studio Version 16
VisualStudioVersion = 16.0.30517.126
MinimumVisualStudioVersion = 10.0.40219.1
Project("{8BC9CEB8-8B4A-11D0-8D11-00A0C91BC942}") = "contactsBookApp", "contactsBookApp.vcxproj", "{7E6D35A3-EF0A-4CC9-BDEF-A981DD93DAE9}"
EndProject
Global
	GlobalSection(SolutionConfigurationPlatforms) = preSolution
		Debug|x64 = Debug|x64
		Debug|x86 = Debug|x86
		Release|x64 = Release|x64
		Release|x86 = Release|x86
	EndGlobalSection
	GlobalSection(ProjectConfigurationPlatforms) = postSolution
		{7E6D35A3-EF0A-4CC9-BDEF-A981DD93DAE9}.Debug|x64.ActiveCfg = Debug|x64
		{7E6D35A3-EF0A-4CC9-BDEF-A981DD93DAE9}.Debug|x64.Build.0 = Debug|x64
		{7E6D35A3-EF0A-4CC9-BDEF-A981DD93DAE9}.Debug|x86.ActiveCfg = Debug|Win32
		{7E6D35A3-EF0A-4CC9-BDEF-A981DD93DAE9}.Debug|x86.Build.0 = Debug|Win32
		{7E6D35A3-EF0A-4CC9-BDEF-A981DD93DAE9}.Release|x64.ActiveCfg = Release|x64
		{7E6D35A3-EF0A-4CC9-BDEF-A981DD93DAE9}.Release|x64.Build.0 = Release|x64
		{7E6D35A3-EF0A-4CC9-BDEF-A981DD93DAE9}.Release|x86.ActiveCfg = Release|Win32
		{7E6D35A3-EF0A-4CC9-BDEF-A981DD93DAE9}.Release|x86.Build.0 = Release|Win32
	EndGlobalSection
	GlobalSection(SolutionProperties) = preSolution
		HideSolutionNode = FALSE
	EndGlobalSection
	GlobalSection(ExtensibilityGlobals) = postSolution
		SolutionGuid = {5BDC6313-0362-47C4-BF61-D35C8C591D01}
	EndGlobalSection
EndGlobal
